// !$*UTF8*$!
{
	archiveVersion = 1;
	classes = {
	};
	objectVersion = 60;
	objects = {

/* Begin PBXBuildFile section */
		B100000000000001 /* LynkOSApp.swift in Sources */ = {isa = PBXBuildFile; fileRef = F100000000000001 /* LynkOSApp.swift */; };
		B100000000000002 /* ContentView.swift in Sources */ = {isa = PBXBuildFile; fileRef = F100000000000002 /* ContentView.swift */; };
		B100000000000003 /* AppViewModel.swift in Sources */ = {isa = PBXBuildFile; fileRef = F100000000000003 /* AppViewModel.swift */; };
		B100000000000004 /* ConnectionDebugView.swift in Sources */ = {isa = PBXBuildFile; fileRef = F100000000000004 /* ConnectionDebugView.swift */; };
		B100000000000005 /* SettingsView.swift in Sources */ = {isa = PBXBuildFile; fileRef = F100000000000005 /* SettingsView.swift */; };
		B100000000000006 /* Assets.xcassets in Resources */ = {isa = PBXBuildFile; fileRef = F100000000000006 /* Assets.xcassets */; };
		B100000000000007 /* LynkOSCore in Frameworks */ = {isa = PBXBuildFile; productRef = P100000000000001 /* LynkOSCore */; };
		B100000000000008 /* LynkOSTheme.swift in Sources */ = {isa = PBXBuildFile; fileRef = F100000000000008 /* LynkOSTheme.swift */; };
		B100000000000009 /* LynkOSLogoView.swift in Sources */ = {isa = PBXBuildFile; fileRef = F100000000000009 /* LynkOSLogoView.swift */; };
		B100000000000010 /* DeviceVisual.swift in Sources */ = {isa = PBXBuildFile; fileRef = F100000000000015 /* DeviceVisual.swift */; };
		B100000000000011 /* FilePickPanel.swift in Sources */ = {isa = PBXBuildFile; fileRef = F100000000000011 /* FilePickPanel.swift */; };
		B100000000000012 /* DeviceListView.swift in Sources */ = {isa = PBXBuildFile; fileRef = F100000000000012 /* DeviceListView.swift */; };
		B100000000000013 /* DeveloperPanelView.swift in Sources */ = {isa = PBXBuildFile; fileRef = F100000000000013 /* DeveloperPanelView.swift */; };
		B100000000000014 /* PickedFileItem.swift in Sources */ = {isa = PBXBuildFile; fileRef = F100000000000014 /* PickedFileItem.swift */; };
		B100000000000015 /* TransferRequest.swift in Sources */ = {isa = PBXBuildFile; fileRef = F100000000000016 /* TransferRequest.swift */; };
		B100000000000016 /* WebRTCTransferSession.swift in Sources */ = {isa = PBXBuildFile; fileRef = F100000000000017 /* WebRTCTransferSession.swift */; };
		B100000000000017 /* ReceiveRequestDialog.swift in Sources */ = {isa = PBXBuildFile; fileRef = F100000000000018 /* ReceiveRequestDialog.swift */; };
		B100000000000018 /* WebRTC in Frameworks */ = {isa = PBXBuildFile; productRef = P100000000000002 /* WebRTC */; };
		B100000000000019 /* ImagePreviewHelper.swift in Sources */ = {isa = PBXBuildFile; fileRef = F100000000000019 /* ImagePreviewHelper.swift */; };
		B100000000000020 /* ReceivedFileItem.swift in Sources */ = {isa = PBXBuildFile; fileRef = F100000000000021 /* ReceivedFileItem.swift */; };
		B100000000000021 /* SaveReceivedFileDialog.swift in Sources */ = {isa = PBXBuildFile; fileRef = F100000000000022 /* SaveReceivedFileDialog.swift */; };
		B100000000000022 /* TransferStatusView.swift in Sources */ = {isa = PBXBuildFile; fileRef = F100000000000023 /* TransferStatusView.swift */; };
		B100000000000023 /* ShareSheet.swift in Sources */ = {isa = PBXBuildFile; fileRef = F100000000000024 /* ShareSheet.swift */; };
		B100000000000024 /* OutboundFilePayload.swift in Sources */ = {isa = PBXBuildFile; fileRef = F100000000000025 /* OutboundFilePayload.swift */; };
		B100000000000025 /* ShareViewController.swift in Sources */ = {isa = PBXBuildFile; fileRef = F100000000000027 /* ShareViewController.swift */; };
		B100000000000026 /* LynkOSCore in Frameworks */ = {isa = PBXBuildFile; productRef = P100000000000001 /* LynkOSCore */; };
		B100000000000027 /* LynkOSShareExtension.appex in Embed Foundation Extensions */ = {isa = PBXBuildFile; fileRef = F100000000000026 /* LynkOSShareExtension.appex */; settings = {ATTRIBUTES = (RemoveHeadersOnCopy, ); }; };
		B100000000000028 /* ShareExtensionView.swift in Sources */ = {isa = PBXBuildFile; fileRef = F100000000000031 /* ShareExtensionView.swift */; };
		B100000000000029 /* ShareExtensionViewModel.swift in Sources */ = {isa = PBXBuildFile; fileRef = F100000000000032 /* ShareExtensionViewModel.swift */; };
		B100000000000030 /* SharedAttachmentLoader.swift in Sources */ = {isa = PBXBuildFile; fileRef = F100000000000033 /* SharedAttachmentLoader.swift */; };
		B100000000000031 /* WebRTC in Frameworks */ = {isa = PBXBuildFile; productRef = P100000000000002 /* WebRTC */; };
		B100000000000032 /* WebRTCTransferSession.swift in Sources */ = {isa = PBXBuildFile; fileRef = F100000000000017 /* WebRTCTransferSession.swift */; };
		B100000000000033 /* OutboundFilePayload.swift in Sources */ = {isa = PBXBuildFile; fileRef = F100000000000025 /* OutboundFilePayload.swift */; };
		B100000000000034 /* OutboundFilePayload+PickedFile.swift in Sources */ = {isa = PBXBuildFile; fileRef = F100000000000034 /* OutboundFilePayload+PickedFile.swift */; };
		B100000000000035 /* DeveloperModeAccess.swift in Sources */ = {isa = PBXBuildFile; fileRef = F100000000000035 /* DeveloperModeAccess.swift */; };
		B100000000000037 /* DocumentExportPicker.swift in Sources */ = {isa = PBXBuildFile; fileRef = F100000000000037 /* DocumentExportPicker.swift */; };
/* End PBXBuildFile section */

/* Begin PBXContainerItemProxy section */
		CP10000000000001 /* PBXContainerItemProxy */ = {
			isa = PBXContainerItemProxy;
			containerPortal = PR10000000000001 /* Project object */;
			proxyType = 1;
			remoteGlobalIDString = T100000000000002;
			remoteInfo = LynkOSShareExtension;
		};
/* End PBXContainerItemProxy section */

/* Begin PBXCopyFilesBuildPhase section */
		C100000000000006 /* Embed Foundation Extensions */ = {
			isa = PBXCopyFilesBuildPhase;
			buildActionMask = 2147483647;
			dstPath = "";
			dstSubfolderSpec = 13;
			files = (
				B100000000000027 /* LynkOSShareExtension.appex in Embed Foundation Extensions */,
			);
			name = "Embed Foundation Extensions";
			runOnlyForDeploymentPostprocessing = 0;
		};
/* End PBXCopyFilesBuildPhase section */

/* Begin PBXFileReference section */
		F100000000000001 /* LynkOSApp.swift */ = {isa = PBXFileReference; lastKnownFileType = sourcecode.swift; path = LynkOSApp.swift; sourceTree = "<group>"; };
		F100000000000002 /* ContentView.swift */ = {isa = PBXFileReference; lastKnownFileType = sourcecode.swift; path = ContentView.swift; sourceTree = "<group>"; };
		F100000000000003 /* AppViewModel.swift */ = {isa = PBXFileReference; lastKnownFileType = sourcecode.swift; path = AppViewModel.swift; sourceTree = "<group>"; };
		F100000000000004 /* ConnectionDebugView.swift */ = {isa = PBXFileReference; lastKnownFileType = sourcecode.swift; path = ConnectionDebugView.swift; sourceTree = "<group>"; };
		F100000000000005 /* SettingsView.swift */ = {isa = PBXFileReference; lastKnownFileType = sourcecode.swift; path = SettingsView.swift; sourceTree = "<group>"; };
		F100000000000006 /* Assets.xcassets */ = {isa = PBXFileReference; lastKnownFileType = folder.assetcatalog; path = Assets.xcassets; sourceTree = "<group>"; };
		F100000000000007 /* Info.plist */ = {isa = PBXFileReference; lastKnownFileType = text.plist.xml; path = Info.plist; sourceTree = "<group>"; };
		F100000000000008 /* LynkOSTheme.swift */ = {isa = PBXFileReference; lastKnownFileType = sourcecode.swift; path = LynkOSTheme.swift; sourceTree = "<group>"; };
		F100000000000009 /* LynkOSLogoView.swift */ = {isa = PBXFileReference; lastKnownFileType = sourcecode.swift; path = LynkOSLogoView.swift; sourceTree = "<group>"; };
		F100000000000011 /* FilePickPanel.swift */ = {isa = PBXFileReference; lastKnownFileType = sourcecode.swift; path = FilePickPanel.swift; sourceTree = "<group>"; };
		F100000000000012 /* DeviceListView.swift */ = {isa = PBXFileReference; lastKnownFileType = sourcecode.swift; path = DeviceListView.swift; sourceTree = "<group>"; };
		F100000000000013 /* DeveloperPanelView.swift */ = {isa = PBXFileReference; lastKnownFileType = sourcecode.swift; path = DeveloperPanelView.swift; sourceTree = "<group>"; };
		F100000000000014 /* PickedFileItem.swift */ = {isa = PBXFileReference; lastKnownFileType = sourcecode.swift; path = PickedFileItem.swift; sourceTree = "<group>"; };
		F100000000000015 /* DeviceVisual.swift */ = {isa = PBXFileReference; lastKnownFileType = sourcecode.swift; path = DeviceVisual.swift; sourceTree = "<group>"; };
		F100000000000016 /* TransferRequest.swift */ = {isa = PBXFileReference; lastKnownFileType = sourcecode.swift; path = TransferRequest.swift; sourceTree = "<group>"; };
		F100000000000017 /* WebRTCTransferSession.swift */ = {isa = PBXFileReference; lastKnownFileType = sourcecode.swift; path = WebRTCTransferSession.swift; sourceTree = "<group>"; };
		F100000000000018 /* ReceiveRequestDialog.swift */ = {isa = PBXFileReference; lastKnownFileType = sourcecode.swift; path = ReceiveRequestDialog.swift; sourceTree = "<group>"; };
		F100000000000019 /* ImagePreviewHelper.swift */ = {isa = PBXFileReference; lastKnownFileType = sourcecode.swift; path = ImagePreviewHelper.swift; sourceTree = "<group>"; };
		F100000000000020 /* LynkOS.app */ = {isa = PBXFileReference; explicitFileType = wrapper.application; includeInIndex = 0; path = LynkOS.app; sourceTree = BUILT_PRODUCTS_DIR; };
		F100000000000021 /* ReceivedFileItem.swift */ = {isa = PBXFileReference; lastKnownFileType = sourcecode.swift; path = ReceivedFileItem.swift; sourceTree = "<group>"; };
		F100000000000022 /* SaveReceivedFileDialog.swift */ = {isa = PBXFileReference; lastKnownFileType = sourcecode.swift; path = SaveReceivedFileDialog.swift; sourceTree = "<group>"; };
		F100000000000023 /* TransferStatusView.swift */ = {isa = PBXFileReference; lastKnownFileType = sourcecode.swift; path = TransferStatusView.swift; sourceTree = "<group>"; };
		F100000000000024 /* ShareSheet.swift */ = {isa = PBXFileReference; lastKnownFileType = sourcecode.swift; path = ShareSheet.swift; sourceTree = "<group>"; };
		F100000000000025 /* OutboundFilePayload.swift */ = {isa = PBXFileReference; lastKnownFileType = sourcecode.swift; path = OutboundFilePayload.swift; sourceTree = "<group>"; };
		F100000000000026 /* LynkOSShareExtension.appex */ = {isa = PBXFileReference; explicitFileType = "wrapper.app-extension"; includeInIndex = 0; path = LynkOSShareExtension.appex; sourceTree = BUILT_PRODUCTS_DIR; };
		F100000000000027 /* ShareViewController.swift */ = {isa = PBXFileReference; lastKnownFileType = sourcecode.swift; path = ShareViewController.swift; sourceTree = "<group>"; };
		F100000000000028 /* Info.plist */ = {isa = PBXFileReference; lastKnownFileType = text.plist.xml; path = Info.plist; sourceTree = "<group>"; };
		F100000000000029 /* LynkOSShareExtension.entitlements */ = {isa = PBXFileReference; lastKnownFileType = text.plist.entitlements; path = LynkOSShareExtension.entitlements; sourceTree = "<group>"; };
		F100000000000030 /* LynkOS.entitlements */ = {isa = PBXFileReference; lastKnownFileType = text.plist.entitlements; path = LynkOS.entitlements; sourceTree = "<group>"; };
		F100000000000031 /* ShareExtensionView.swift */ = {isa = PBXFileReference; lastKnownFileType = sourcecode.swift; path = ShareExtensionView.swift; sourceTree = "<group>"; };
		F100000000000032 /* ShareExtensionViewModel.swift */ = {isa = PBXFileReference; lastKnownFileType = sourcecode.swift; path = ShareExtensionViewModel.swift; sourceTree = "<group>"; };
		F100000000000033 /* SharedAttachmentLoader.swift */ = {isa = PBXFileReference; lastKnownFileType = sourcecode.swift; path = SharedAttachmentLoader.swift; sourceTree = "<group>"; };
		F100000000000034 /* OutboundFilePayload+PickedFile.swift */ = {isa = PBXFileReference; lastKnownFileType = sourcecode.swift; path = "OutboundFilePayload+PickedFile.swift"; sourceTree = "<group>"; };
		F100000000000035 /* DeveloperModeAccess.swift */ = {isa = PBXFileReference; lastKnownFileType = sourcecode.swift; path = DeveloperModeAccess.swift; sourceTree = "<group>"; };
		F100000000000037 /* DocumentExportPicker.swift */ = {isa = PBXFileReference; lastKnownFileType = sourcecode.swift; path = DocumentExportPicker.swift; sourceTree = "<group>"; };
/* End PBXFileReference section */

/* Begin PBXFrameworksBuildPhase section */
		C100000000000002 /* Frameworks */ = {
			isa = PBXFrameworksBuildPhase;
			buildActionMask = 2147483647;
			files = (
				B100000000000007 /* LynkOSCore in Frameworks */,
				B100000000000018 /* WebRTC in Frameworks */,
			);
			runOnlyForDeploymentPostprocessing = 0;
		};
		C100000000000005 /* Frameworks */ = {
			isa = PBXFrameworksBuildPhase;
			buildActionMask = 2147483647;
			files = (
				B100000000000026 /* LynkOSCore in Frameworks */,
				B100000000000031 /* WebRTC in Frameworks */,
			);
			runOnlyForDeploymentPostprocessing = 0;
		};
/* End PBXFrameworksBuildPhase section */

/* Begin PBXGroup section */
		G100000000000001 = {
			isa = PBXGroup;
			children = (
				G100000000000002 /* LynkOS */,
				G100000000000011 /* LynkOSShareExtension */,
				G100000000000003 /* LynkOSCore */,
				G100000000000004 /* Products */,
			);
			sourceTree = "<group>";
		};
		G100000000000002 /* LynkOS */ = {
			isa = PBXGroup;
			children = (
				F100000000000001 /* LynkOSApp.swift */,
				F100000000000002 /* ContentView.swift */,
				G100000000000035 /* Config */,
				G100000000000007 /* Theme */,
				G100000000000008 /* Helpers */,
				G100000000000009 /* Models */,
				G100000000000005 /* ViewModels */,
				G100000000000010 /* Transfer */,
				G100000000000006 /* Views */,
				F100000000000006 /* Assets.xcassets */,
				F100000000000007 /* Info.plist */,
				F100000000000030 /* LynkOS.entitlements */,
			);
			path = LynkOS;
			sourceTree = "<group>";
		};
		G100000000000003 /* LynkOSCore */ = {
			isa = PBXGroup;
			children = (
			);
			path = LynkOSCore;
			sourceTree = "<group>";
		};
		G100000000000004 /* Products */ = {
			isa = PBXGroup;
			children = (
				F100000000000020 /* LynkOS.app */,
				F100000000000026 /* LynkOSShareExtension.appex */,
			);
			name = Products;
			sourceTree = "<group>";
		};
		G100000000000005 /* ViewModels */ = {
			isa = PBXGroup;
			children = (
				F100000000000003 /* AppViewModel.swift */,
			);
			path = ViewModels;
			sourceTree = "<group>";
		};
		G100000000000006 /* Views */ = {
			isa = PBXGroup;
			children = (
				F100000000000009 /* LynkOSLogoView.swift */,
				F100000000000011 /* FilePickPanel.swift */,
				F100000000000012 /* DeviceListView.swift */,
				F100000000000004 /* ConnectionDebugView.swift */,
				F100000000000013 /* DeveloperPanelView.swift */,
				F100000000000018 /* ReceiveRequestDialog.swift */,
				F100000000000022 /* SaveReceivedFileDialog.swift */,
				F100000000000023 /* TransferStatusView.swift */,
				F100000000000024 /* ShareSheet.swift */,
				F100000000000005 /* SettingsView.swift */,
				F100000000000037 /* DocumentExportPicker.swift */,
			);
			path = Views;
			sourceTree = "<group>";
		};
		G100000000000007 /* Theme */ = {
			isa = PBXGroup;
			children = (
				F100000000000008 /* LynkOSTheme.swift */,
			);
			path = Theme;
			sourceTree = "<group>";
		};
		G100000000000008 /* Helpers */ = {
			isa = PBXGroup;
			children = (
				F100000000000015 /* DeviceVisual.swift */,
				F100000000000019 /* ImagePreviewHelper.swift */,
			);
			path = Helpers;
			sourceTree = "<group>";
		};
		G100000000000009 /* Models */ = {
			isa = PBXGroup;
			children = (
				F100000000000014 /* PickedFileItem.swift */,
				F100000000000021 /* ReceivedFileItem.swift */,
				F100000000000025 /* OutboundFilePayload.swift */,
				F100000000000034 /* OutboundFilePayload+PickedFile.swift */,
				F100000000000016 /* TransferRequest.swift */,
			);
			path = Models;
			sourceTree = "<group>";
		};
		G100000000000010 /* Transfer */ = {
			isa = PBXGroup;
			children = (
				F100000000000017 /* WebRTCTransferSession.swift */,
			);
			path = Transfer;
			sourceTree = "<group>";
		};
		G100000000000011 /* LynkOSShareExtension */ = {
			isa = PBXGroup;
			children = (
				F100000000000027 /* ShareViewController.swift */,
				F100000000000031 /* ShareExtensionView.swift */,
				G100000000000012 /* ViewModels */,
				G100000000000013 /* Helpers */,
				F100000000000028 /* Info.plist */,
				F100000000000029 /* LynkOSShareExtension.entitlements */,
			);
			path = LynkOSShareExtension;
			sourceTree = "<group>";
		};
		G100000000000012 /* ViewModels */ = {
			isa = PBXGroup;
			children = (
				F100000000000032 /* ShareExtensionViewModel.swift */,
			);
			path = ViewModels;
			sourceTree = "<group>";
		};
		G100000000000013 /* Helpers */ = {
			isa = PBXGroup;
			children = (
				F100000000000033 /* SharedAttachmentLoader.swift */,
			);
			path = Helpers;
			sourceTree = "<group>";
		};
		G100000000000035 /* Config */ = {
			isa = PBXGroup;
			children = (
				F100000000000035 /* DeveloperModeAccess.swift */,
			);
			path = Config;
			sourceTree = "<group>";
		};
/* End PBXGroup section */

/* Begin PBXNativeTarget section */
		T100000000000001 /* LynkOS */ = {
			isa = PBXNativeTarget;
			buildConfigurationList = L100000000000002 /* Build configuration list for PBXNativeTarget "LynkOS" */;
			buildPhases = (
				C100000000000001 /* Sources */,
				C100000000000002 /* Frameworks */,
				C100000000000003 /* Resources */,
				C100000000000006 /* Embed Foundation Extensions */,
				S100000000000001 /* Generate WebRTC dSYM */,
			);
			buildRules = (
			);
			dependencies = (
				D100000000000001 /* PBXTargetDependency */,
			);
			name = LynkOS;
			packageProductDependencies = (
				P100000000000001 /* LynkOSCore */,
				P100000000000002 /* WebRTC */,
			);
			productName = LynkOS;
			productReference = F100000000000020 /* LynkOS.app */;
			productType = "com.apple.product-type.application";
		};
		T100000000000002 /* LynkOSShareExtension */ = {
			isa = PBXNativeTarget;
			buildConfigurationList = L100000000000005 /* Build configuration list for PBXNativeTarget "LynkOSShareExtension" */;
			buildPhases = (
				C100000000000004 /* Sources */,
				C100000000000005 /* Frameworks */,
			);
			buildRules = (
			);
			dependencies = (
			);
			name = LynkOSShareExtension;
			packageProductDependencies = (
				P100000000000001 /* LynkOSCore */,
				P100000000000002 /* WebRTC */,
			);
			productName = LynkOSShareExtension;
			productReference = F100000000000026 /* LynkOSShareExtension.appex */;
			productType = "com.apple.product-type.app-extension";
		};
/* End PBXNativeTarget section */

/* Begin PBXProject section */
		PR10000000000001 /* Project object */ = {
			isa = PBXProject;
			attributes = {
				BuildIndependentTargetsInParallel = 1;
				LastSwiftUpdateCheck = 1500;
				LastUpgradeCheck = 2640;
				TargetAttributes = {
					T100000000000001 = {
						CreatedOnToolsVersion = 15.0;
					};
					T100000000000002 = {
						CreatedOnToolsVersion = 15.0;
					};
				};
			};
			buildConfigurationList = L100000000000001 /* Build configuration list for PBXProject "LynkOS" */;
			compatibilityVersion = "Xcode 14.0";
			developmentRegion = ja;
			hasScannedForEncodings = 0;
			knownRegions = (
				en,
				Base,
				ja,
			);
			mainGroup = G100000000000001;
			packageReferences = (
				L100000000000003 /* XCLocalSwiftPackageReference "LynkOSCore" */,
				L100000000000004 /* XCRemoteSwiftPackageReference "WebRTC" */,
			);
			productRefGroup = G100000000000004 /* Products */;
			projectDirPath = "";
			projectRoot = "";
			targets = (
				T100000000000001 /* LynkOS */,
				T100000000000002 /* LynkOSShareExtension */,
			);
		};
/* End PBXProject section */

/* Begin PBXResourcesBuildPhase section */
		C100000000000003 /* Resources */ = {
			isa = PBXResourcesBuildPhase;
			buildActionMask = 2147483647;
			files = (
				B100000000000006 /* Assets.xcassets in Resources */,
			);
			runOnlyForDeploymentPostprocessing = 0;
		};
/* End PBXResourcesBuildPhase section */

/* Begin PBXShellScriptBuildPhase section */
		S100000000000001 /* Generate WebRTC dSYM */ = {
			isa = PBXShellScriptBuildPhase;
			alwaysOutOfDate = 1;
			buildActionMask = 2147483647;
			files = (
			);
			inputFileListPaths = (
			);
			inputPaths = (
			);
			name = "Generate WebRTC dSYM";
			outputFileListPaths = (
			);
			outputPaths = (
			);
			runOnlyForDeploymentPostprocessing = 0;
			shellPath = /bin/sh;
			shellScript = "if [ -d \"${BUILT_PRODUCTS_DIR}/${FRAMEWORKS_FOLDER_PATH}/WebRTC.framework\" ]; then\n  echo \"Generating dSYM for WebRTC.framework\"\n  dsymutil \"${BUILT_PRODUCTS_DIR}/${FRAMEWORKS_FOLDER_PATH}/WebRTC.framework/WebRTC\" -o \"${BUILT_PRODUCTS_DIR}/WebRTC.framework.dSYM\"\nfi\n";
		};
/* End PBXShellScriptBuildPhase section */

/* Begin PBXSourcesBuildPhase section */
		C100000000000001 /* Sources */ = {
			isa = PBXSourcesBuildPhase;
			buildActionMask = 2147483647;
			files = (
				B100000000000001 /* LynkOSApp.swift in Sources */,
				B100000000000002 /* ContentView.swift in Sources */,
				B100000000000003 /* AppViewModel.swift in Sources */,
				B100000000000004 /* ConnectionDebugView.swift in Sources */,
				B100000000000005 /* SettingsView.swift in Sources */,
				B100000000000008 /* LynkOSTheme.swift in Sources */,
				B100000000000009 /* LynkOSLogoView.swift in Sources */,
				B100000000000010 /* DeviceVisual.swift in Sources */,
				B100000000000011 /* FilePickPanel.swift in Sources */,
				B100000000000012 /* DeviceListView.swift in Sources */,
				B100000000000013 /* DeveloperPanelView.swift in Sources */,
				B100000000000014 /* PickedFileItem.swift in Sources */,
				B100000000000015 /* TransferRequest.swift in Sources */,
				B100000000000016 /* WebRTCTransferSession.swift in Sources */,
				B100000000000017 /* ReceiveRequestDialog.swift in Sources */,
				B100000000000019 /* ImagePreviewHelper.swift in Sources */,
				B100000000000020 /* ReceivedFileItem.swift in Sources */,
				B100000000000021 /* SaveReceivedFileDialog.swift in Sources */,
				B100000000000022 /* TransferStatusView.swift in Sources */,
				B100000000000023 /* ShareSheet.swift in Sources */,
				B100000000000024 /* OutboundFilePayload.swift in Sources */,
				B100000000000034 /* OutboundFilePayload+PickedFile.swift in Sources */,
				B100000000000035 /* DeveloperModeAccess.swift in Sources */,
				B100000000000037 /* DocumentExportPicker.swift in Sources */,
			);
			runOnlyForDeploymentPostprocessing = 0;
		};
		C100000000000004 /* Sources */ = {
			isa = PBXSourcesBuildPhase;
			buildActionMask = 2147483647;
			files = (
				B100000000000025 /* ShareViewController.swift in Sources */,
				B100000000000028 /* ShareExtensionView.swift in Sources */,
				B100000000000029 /* ShareExtensionViewModel.swift in Sources */,
				B100000000000030 /* SharedAttachmentLoader.swift in Sources */,
				B100000000000032 /* WebRTCTransferSession.swift in Sources */,
				B100000000000033 /* OutboundFilePayload.swift in Sources */,
			);
			runOnlyForDeploymentPostprocessing = 0;
		};
/* End PBXSourcesBuildPhase section */

/* Begin PBXTargetDependency section */
		D100000000000001 /* PBXTargetDependency */ = {
			isa = PBXTargetDependency;
			target = T100000000000002 /* LynkOSShareExtension */;
			targetProxy = CP10000000000001 /* PBXContainerItemProxy */;
		};
/* End PBXTargetDependency section */

/* Begin XCBuildConfiguration section */
		X100000000000001 /* Debug */ = {
			isa = XCBuildConfiguration;
			buildSettings = {
				ALWAYS_SEARCH_USER_PATHS = NO;
				ASSETCATALOG_COMPILER_GENERATE_SWIFT_ASSET_SYMBOL_EXTENSIONS = YES;
				CLANG_ANALYZER_LOCALIZABILITY_NONLOCALIZED = YES;
				CLANG_ANALYZER_NONNULL = YES;
				CLANG_ENABLE_MODULES = YES;
				CLANG_ENABLE_OBJC_ARC = YES;
				CLANG_WARN_BLOCK_CAPTURE_AUTORELEASING = YES;
				CLANG_WARN_BOOL_CONVERSION = YES;
				CLANG_WARN_COMMA = YES;
				CLANG_WARN_CONSTANT_CONVERSION = YES;
				CLANG_WARN_DEPRECATED_OBJC_IMPLEMENTATIONS = YES;
				CLANG_WARN_EMPTY_BODY = YES;
				CLANG_WARN_ENUM_CONVERSION = YES;
				CLANG_WARN_INFINITE_RECURSION = YES;
				CLANG_WARN_INT_CONVERSION = YES;
				CLANG_WARN_NON_LITERAL_NULL_CONVERSION = YES;
				CLANG_WARN_OBJC_IMPLICIT_RETAIN_SELF = YES;
				CLANG_WARN_OBJC_LITERAL_CONVERSION = YES;
				CLANG_WARN_QUOTED_INCLUDE_IN_FRAMEWORK_HEADER = YES;
				CLANG_WARN_RANGE_LOOP_ANALYSIS = YES;
				CLANG_WARN_STRICT_PROTOTYPES = YES;
				CLANG_WARN_SUSPICIOUS_MOVE = YES;
				CLANG_WARN_UNREACHABLE_CODE = YES;
				CLANG_WARN__DUPLICATE_METHOD_MATCH = YES;
				COPY_PHASE_STRIP = NO;
				DEBUG_INFORMATION_FORMAT = dwarf;
				DEVELOPMENT_TEAM = 4TKDWFY5W2;
				ENABLE_STRICT_OBJC_MSGSEND = YES;
				ENABLE_TESTABILITY = YES;
				ENABLE_USER_SCRIPT_SANDBOXING = YES;
				GCC_DYNAMIC_NO_PIC = NO;
				GCC_NO_COMMON_BLOCKS = YES;
				GCC_OPTIMIZATION_LEVEL = 0;
				GCC_PREPROCESSOR_DEFINITIONS = (
					"DEBUG=1",
					"$(inherited)",
				);
				GCC_WARN_64_TO_32_BIT_CONVERSION = YES;
				GCC_WARN_ABOUT_RETURN_TYPE = YES;
				GCC_WARN_UNDECLARED_SELECTOR = YES;
				GCC_WARN_UNINITIALIZED_AUTOS = YES;
				GCC_WARN_UNUSED_FUNCTION = YES;
				GCC_WARN_UNUSED_VARIABLE = YES;
				IPHONEOS_DEPLOYMENT_TARGET = 17.0;
				MTL_ENABLE_DEBUG_INFO = INCLUDE_SOURCE;
				ONLY_ACTIVE_ARCH = YES;
				SDKROOT = iphoneos;
				STRING_CATALOG_GENERATE_SYMBOLS = YES;
				SWIFT_ACTIVE_COMPILATION_CONDITIONS = "DEBUG $(inherited)";
				SWIFT_OPTIMIZATION_LEVEL = "-Onone";
			};
			name = Debug;
		};
		X100000000000002 /* Release */ = {
			isa = XCBuildConfiguration;
			buildSettings = {
				ALWAYS_SEARCH_USER_PATHS = NO;
				ASSETCATALOG_COMPILER_GENERATE_SWIFT_ASSET_SYMBOL_EXTENSIONS = YES;
				CLANG_ANALYZER_LOCALIZABILITY_NONLOCALIZED = YES;
				CLANG_ANALYZER_NONNULL = YES;
				CLANG_ENABLE_MODULES = YES;
				CLANG_ENABLE_OBJC_ARC = YES;
				CLANG_WARN_BLOCK_CAPTURE_AUTORELEASING = YES;
				CLANG_WARN_BOOL_CONVERSION = YES;
				CLANG_WARN_COMMA = YES;
				CLANG_WARN_CONSTANT_CONVERSION = YES;
				CLANG_WARN_DEPRECATED_OBJC_IMPLEMENTATIONS = YES;
				CLANG_WARN_EMPTY_BODY = YES;
				CLANG_WARN_ENUM_CONVERSION = YES;
				CLANG_WARN_INFINITE_RECURSION = YES;
				CLANG_WARN_INT_CONVERSION = YES;
				CLANG_WARN_NON_LITERAL_NULL_CONVERSION = YES;
				CLANG_WARN_OBJC_IMPLICIT_RETAIN_SELF = YES;
				CLANG_WARN_OBJC_LITERAL_CONVERSION = YES;
				CLANG_WARN_QUOTED_INCLUDE_IN_FRAMEWORK_HEADER = YES;
				CLANG_WARN_RANGE_LOOP_ANALYSIS = YES;
				CLANG_WARN_STRICT_PROTOTYPES = YES;
				CLANG_WARN_SUSPICIOUS_MOVE = YES;
				CLANG_WARN_UNREACHABLE_CODE = YES;
				CLANG_WARN__DUPLICATE_METHOD_MATCH = YES;
				COPY_PHASE_STRIP = NO;
				DEBUG_INFORMATION_FORMAT = "dwarf-with-dsym";
				DEVELOPMENT_TEAM = 4TKDWFY5W2;
				ENABLE_NS_ASSERTIONS = NO;
				ENABLE_STRICT_OBJC_MSGSEND = YES;
				ENABLE_USER_SCRIPT_SANDBOXING = YES;
				GCC_NO_COMMON_BLOCKS = YES;
				GCC_WARN_64_TO_32_BIT_CONVERSION = YES;
				GCC_WARN_ABOUT_RETURN_TYPE = YES;
				GCC_WARN_UNDECLARED_SELECTOR = YES;
				GCC_WARN_UNINITIALIZED_AUTOS = YES;
				GCC_WARN_UNUSED_FUNCTION = YES;
				GCC_WARN_UNUSED_VARIABLE = YES;
				IPHONEOS_DEPLOYMENT_TARGET = 17.0;
				MTL_ENABLE_DEBUG_INFO = NO;
				SDKROOT = iphoneos;
				STRING_CATALOG_GENERATE_SYMBOLS = YES;
				SWIFT_COMPILATION_MODE = wholemodule;
				VALIDATE_PRODUCT = YES;
			};
			name = Release;
		};
		X100000000000003 /* Debug */ = {
			isa = XCBuildConfiguration;
			buildSettings = {
				ASSETCATALOG_COMPILER_APPICON_NAME = AppIcon;
				ASSETCATALOG_COMPILER_GLOBAL_ACCENT_COLOR_NAME = AccentColor;
				CODE_SIGN_ENTITLEMENTS = LynkOS/LynkOS.entitlements;
				CODE_SIGN_STYLE = Automatic;
				CURRENT_PROJECT_VERSION = 1;
				DEVELOPMENT_TEAM = 4TKDWFY5W2;
				ENABLE_PREVIEWS = YES;
				ENABLE_USER_SCRIPT_SANDBOXING = NO;
				GENERATE_INFOPLIST_FILE = NO;
				INFOPLIST_FILE = LynkOS/Info.plist;
				INFOPLIST_KEY_CFBundleIconName = AppIcon;
				INFOPLIST_KEY_UIApplicationSupportsIndirectInputEvents = YES;
				LD_RUNPATH_SEARCH_PATHS = (
					"$(inherited)",
					"@executable_path/Frameworks",
				);
				MARKETING_VERSION = 1.0;
				OTHER_LDFLAGS = "-ObjC";
				PRODUCT_BUNDLE_IDENTIFIER = com.lynkos.app;
				PRODUCT_NAME = "$(TARGET_NAME)";
				SWIFT_EMIT_LOC_STRINGS = YES;
				SWIFT_VERSION = 5.0;
				TARGETED_DEVICE_FAMILY = "1,2";
			};
			name = Debug;
		};
		X100000000000004 /* Release */ = {
			isa = XCBuildConfiguration;
			buildSettings = {
				ASSETCATALOG_COMPILER_APPICON_NAME = AppIcon;
				ASSETCATALOG_COMPILER_GLOBAL_ACCENT_COLOR_NAME = AccentColor;
				CODE_SIGN_ENTITLEMENTS = LynkOS/LynkOS.entitlements;
				CODE_SIGN_STYLE = Automatic;
				CURRENT_PROJECT_VERSION = 1;
				DEVELOPMENT_TEAM = 4TKDWFY5W2;
				ENABLE_PREVIEWS = YES;
				ENABLE_USER_SCRIPT_SANDBOXING = NO;
				GENERATE_INFOPLIST_FILE = NO;
				INFOPLIST_FILE = LynkOS/Info.plist;
				INFOPLIST_KEY_CFBundleIconName = AppIcon;
				INFOPLIST_KEY_UIApplicationSupportsIndirectInputEvents = YES;
				LD_RUNPATH_SEARCH_PATHS = (
					"$(inherited)",
					"@executable_path/Frameworks",
				);
				MARKETING_VERSION = 1.0;
				OTHER_LDFLAGS = "-ObjC";
				PRODUCT_BUNDLE_IDENTIFIER = com.lynkos.app;
				PRODUCT_NAME = "$(TARGET_NAME)";
				SWIFT_EMIT_LOC_STRINGS = YES;
				SWIFT_VERSION = 5.0;
				TARGETED_DEVICE_FAMILY = "1,2";
			};
			name = Release;
		};
		X100000000000005 /* Debug */ = {
			isa = XCBuildConfiguration;
			buildSettings = {
				CODE_SIGN_ENTITLEMENTS = LynkOSShareExtension/LynkOSShareExtension.entitlements;
				CODE_SIGN_STYLE = Automatic;
				CURRENT_PROJECT_VERSION = 1;
				GENERATE_INFOPLIST_FILE = NO;
				INFOPLIST_FILE = LynkOSShareExtension/Info.plist;
				LD_RUNPATH_SEARCH_PATHS = (
					"$(inherited)",
					"@executable_path/Frameworks",
					"@executable_path/../../Frameworks",
				);
				MARKETING_VERSION = 0.1.0;
				OTHER_LDFLAGS = "-ObjC";
				PRODUCT_BUNDLE_IDENTIFIER = com.lynkos.app.share;
				PRODUCT_NAME = "$(TARGET_NAME)";
				SKIP_INSTALL = YES;
				SWIFT_EMIT_LOC_STRINGS = YES;
				SWIFT_VERSION = 5.0;
				TARGETED_DEVICE_FAMILY = "1,2";
			};
			name = Debug;
		};
		X100000000000006 /* Release */ = {
			isa = XCBuildConfiguration;
			buildSettings = {
				CODE_SIGN_ENTITLEMENTS = LynkOSShareExtension/LynkOSShareExtension.entitlements;
				CODE_SIGN_STYLE = Automatic;
				CURRENT_PROJECT_VERSION = 1;
				GENERATE_INFOPLIST_FILE = NO;
				INFOPLIST_FILE = LynkOSShareExtension/Info.plist;
				LD_RUNPATH_SEARCH_PATHS = (
					"$(inherited)",
					"@executable_path/Frameworks",
					"@executable_path/../../Frameworks",
				);
				MARKETING_VERSION = 0.1.0;
				OTHER_LDFLAGS = "-ObjC";
				PRODUCT_BUNDLE_IDENTIFIER = com.lynkos.app.share;
				PRODUCT_NAME = "$(TARGET_NAME)";
				SKIP_INSTALL = YES;
				SWIFT_EMIT_LOC_STRINGS = YES;
				SWIFT_VERSION = 5.0;
				TARGETED_DEVICE_FAMILY = "1,2";
			};
			name = Release;
		};
/* End XCBuildConfiguration section */

/* Begin XCConfigurationList section */
		L100000000000001 /* Build configuration list for PBXProject "LynkOS" */ = {
			isa = XCConfigurationList;
			buildConfigurations = (
				X100000000000001 /* Debug */,
				X100000000000002 /* Release */,
			);
			defaultConfigurationIsVisible = 0;
			defaultConfigurationName = Release;
		};
		L100000000000002 /* Build configuration list for PBXNativeTarget "LynkOS" */ = {
			isa = XCConfigurationList;
			buildConfigurations = (
				X100000000000003 /* Debug */,
				X100000000000004 /* Release */,
			);
			defaultConfigurationIsVisible = 0;
			defaultConfigurationName = Release;
		};
		L100000000000005 /* Build configuration list for PBXNativeTarget "LynkOSShareExtension" */ = {
			isa = XCConfigurationList;
			buildConfigurations = (
				X100000000000005 /* Debug */,
				X100000000000006 /* Release */,
			);
			defaultConfigurationIsVisible = 0;
			defaultConfigurationName = Release;
		};
/* End XCConfigurationList section */

/* Begin XCLocalSwiftPackageReference section */
		L100000000000003 /* XCLocalSwiftPackageReference "LynkOSCore" */ = {
			isa = XCLocalSwiftPackageReference;
			relativePath = LynkOSCore;
		};
/* End XCLocalSwiftPackageReference section */

/* Begin XCRemoteSwiftPackageReference section */
		L100000000000004 /* XCRemoteSwiftPackageReference "WebRTC" */ = {
			isa = XCRemoteSwiftPackageReference;
			repositoryURL = "https://github.com/stasel/WebRTC.git";
			requirement = {
				kind = upToNextMajorVersion;
				minimumVersion = 124.0.0;
			};
		};
/* End XCRemoteSwiftPackageReference section */

/* Begin XCSwiftPackageProductDependency section */
		P100000000000001 /* LynkOSCore */ = {
			isa = XCSwiftPackageProductDependency;
			package = L100000000000003 /* XCLocalSwiftPackageReference "LynkOSCore" */;
			productName = LynkOSCore;
		};
		P100000000000002 /* WebRTC */ = {
			isa = XCSwiftPackageProductDependency;
			package = L100000000000004 /* XCRemoteSwiftPackageReference "WebRTC" */;
			productName = WebRTC;
		};
/* End XCSwiftPackageProductDependency section */
	};
	rootObject = PR10000000000001 /* Project object */;
}
